
Microsoft Visual Studio Solution File, Format Version 12.00
# Visual Studio Version 17
VisualStudioVersion = 17.11.35312.102
MinimumVisualStudioVersion = 10.0.40219.1
Project("{FAE04EC0-301F-11D3-BF4B-00C04F79EFBC}") = "C_232410101033_utspbo", "C_232410101033_utspbo\C_232410101033_utspbo.csproj", "{37DB2316-03AD-4FC7-A2BE-6D4F5EE62F5A}"
EndProject
Global
	GlobalSection(SolutionConfigurationPlatforms) = preSolution
		Debug|Any CPU = Debug|Any CPU
		Release|Any CPU = Release|Any CPU
	EndGlobalSection
	GlobalSection(ProjectConfigurationPlatforms) = postSolution
		{37DB2316-03AD-4FC7-A2BE-6D4F5EE62F5A}.Debug|Any CPU.ActiveCfg = Debug|Any CPU
		{37DB2316-03AD-4FC7-A2BE-6D4F5EE62F5A}.Debug|Any CPU.Build.0 = Debug|Any CPU
		{37DB2316-03AD-4FC7-A2BE-6D4F5EE62F5A}.Release|Any CPU.ActiveCfg = Release|Any CPU
		{37DB2316-03AD-4FC7-A2BE-6D4F5EE62F5A}.Release|Any CPU.Build.0 = Release|Any CPU
	EndGlobalSection
	GlobalSection(SolutionProperties) = preSolution
		HideSolutionNode = FALSE
	EndGlobalSection
	GlobalSection(ExtensibilityGlobals) = postSolution
		SolutionGuid = {4F31D88E-4944-4B5C-B3AF-C1411EA4B2B5}
	EndGlobalSection
EndGlobal
